
Microsoft Visual Studio Solution File, Format Version 12.00
# Visual Studio Version 16
VisualStudioVersion = 16.0.30114.105
MinimumVisualStudioVersion = 10.0.40219.1
Project("{FAE04EC0-301F-11D3-BF4B-00C04F79EFBC}") = "ToDoWebApi", "ToDoWebApi\ToDoWebApi.csproj", "{D2D4D9D3-04A9-4603-9D0C-1E1DC98FB897}"
EndProject
Global
	GlobalSection(SolutionConfigurationPlatforms) = preSolution
		Debug|Any CPU = Debug|Any CPU
		Release|Any CPU = Release|Any CPU
	EndGlobalSection
	GlobalSection(ProjectConfigurationPlatforms) = postSolution
		{D2D4D9D3-04A9-4603-9D0C-1E1DC98FB897}.Debug|Any CPU.ActiveCfg = Debug|Any CPU
		{D2D4D9D3-04A9-4603-9D0C-1E1DC98FB897}.Debug|Any CPU.Build.0 = Debug|Any CPU
		{D2D4D9D3-04A9-4603-9D0C-1E1DC98FB897}.Release|Any CPU.ActiveCfg = Release|Any CPU
		{D2D4D9D3-04A9-4603-9D0C-1E1DC98FB897}.Release|Any CPU.Build.0 = Release|Any CPU
	EndGlobalSection
	GlobalSection(SolutionProperties) = preSolution
		HideSolutionNode = FALSE
	EndGlobalSection
	GlobalSection(ExtensibilityGlobals) = postSolution
		SolutionGuid = {63F1A752-5A49-4D2E-B24D-8FACD7011928}
	EndGlobalSection
EndGlobal
